
Microsoft Visual Studio Solution File, Format Version 12.00
# Visual Studio Version 17
VisualStudioVersion = 17.11.35219.272
MinimumVisualStudioVersion = 10.0.40219.1
Project("{8BC9CEB8-8B4A-11D0-8D11-00A0C91BC942}") = "HelloAlgo", "HelloAlgo\HelloAlgo.vcxproj", "{5375BF40-C994-4EA6-ACC9-442FE6752146}"
EndProject
Project("{8BC9CEB8-8B4A-11D0-8D11-00A0C91BC942}") = "ArrayTest", "ArrayTest\ArrayTest.vcxproj", "{68B3B757-6F32-4C98-8E77-F7803B199D39}"
EndProject
Project("{8BC9CEB8-8B4A-11D0-8D11-00A0C91BC942}") = "ListTest", "ListTest\ListTest.vcxproj", "{95BE05FF-AC3A-4F5F-A03F-2DA4EC8826D3}"
EndProject
Project("{8BC9CEB8-8B4A-11D0-8D11-00A0C91BC942}") = "StackTest", "StackTest\StackTest.vcxproj", "{A123B1B8-6709-4945-B691-981357192FB5}"
EndProject
Project("{8BC9CEB8-8B4A-11D0-8D11-00A0C91BC942}") = "Queue", "Queue\Queue.vcxproj", "{D4C3F47A-E69C-48A3-B8C6-C19B4D6BCD88}"
EndProject
Project("{8BC9CEB8-8B4A-11D0-8D11-00A0C91BC942}") = "RecursiveTest", "RecursiveTest\RecursiveTest.vcxproj", "{3E0C3F85-24B5-477F-B830-2175281F07BD}"
EndProject
Global
	GlobalSection(SolutionConfigurationPlatforms) = preSolution
		Debug|x64 = Debug|x64
		Debug|x86 = Debug|x86
		Release|x64 = Release|x64
		Release|x86 = Release|x86
	EndGlobalSection
	GlobalSection(ProjectConfigurationPlatforms) = postSolution
		{5375BF40-C994-4EA6-ACC9-442FE6752146}.Debug|x64.ActiveCfg = Debug|x64
		{5375BF40-C994-4EA6-ACC9-442FE6752146}.Debug|x64.Build.0 = Debug|x64
		{5375BF40-C994-4EA6-ACC9-442FE6752146}.Debug|x86.ActiveCfg = Debug|Win32
		{5375BF40-C994-4EA6-ACC9-442FE6752146}.Debug|x86.Build.0 = Debug|Win32
		{5375BF40-C994-4EA6-ACC9-442FE6752146}.Release|x64.ActiveCfg = Release|x64
		{5375BF40-C994-4EA6-ACC9-442FE6752146}.Release|x64.Build.0 = Release|x64
		{5375BF40-C994-4EA6-ACC9-442FE6752146}.Release|x86.ActiveCfg = Release|Win32
		{5375BF40-C994-4EA6-ACC9-442FE6752146}.Release|x86.Build.0 = Release|Win32
		{68B3B757-6F32-4C98-8E77-F7803B199D39}.Debug|x64.ActiveCfg = Debug|x64
		{68B3B757-6F32-4C98-8E77-F7803B199D39}.Debug|x64.Build.0 = Debug|x64
		{68B3B757-6F32-4C98-8E77-F7803B199D39}.Debug|x86.ActiveCfg = Debug|Win32
		{68B3B757-6F32-4C98-8E77-F7803B199D39}.Debug|x86.Build.0 = Debug|Win32
		{68B3B757-6F32-4C98-8E77-F7803B199D39}.Release|x64.ActiveCfg = Release|x64
		{68B3B757-6F32-4C98-8E77-F7803B199D39}.Release|x64.Build.0 = Release|x64
		{68B3B757-6F32-4C98-8E77-F7803B199D39}.Release|x86.ActiveCfg = Release|Win32
		{68B3B757-6F32-4C98-8E77-F7803B199D39}.Release|x86.Build.0 = Release|Win32
		{95BE05FF-AC3A-4F5F-A03F-2DA4EC8826D3}.Debug|x64.ActiveCfg = Debug|x64
		{95BE05FF-AC3A-4F5F-A03F-2DA4EC8826D3}.Debug|x64.Build.0 = Debug|x64
		{95BE05FF-AC3A-4F5F-A03F-2DA4EC8826D3}.Debug|x86.ActiveCfg = Debug|Win32
		{95BE05FF-AC3A-4F5F-A03F-2DA4EC8826D3}.Debug|x86.Build.0 = Debug|Win32
		{95BE05FF-AC3A-4F5F-A03F-2DA4EC8826D3}.Release|x64.ActiveCfg = Release|x64
		{95BE05FF-AC3A-4F5F-A03F-2DA4EC8826D3}.Release|x64.Build.0 = Release|x64
		{95BE05FF-AC3A-4F5F-A03F-2DA4EC8826D3}.Release|x86.ActiveCfg = Release|Win32
		{95BE05FF-AC3A-4F5F-A03F-2DA4EC8826D3}.Release|x86.Build.0 = Release|Win32
		{A123B1B8-6709-4945-B691-981357192FB5}.Debug|x64.ActiveCfg = Debug|x64
		{A123B1B8-6709-4945-B691-981357192FB5}.Debug|x64.Build.0 = Debug|x64
		{A123B1B8-6709-4945-B691-981357192FB5}.Debug|x86.ActiveCfg = Debug|Win32
		{A123B1B8-6709-4945-B691-981357192FB5}.Debug|x86.Build.0 = Debug|Win32
		{A123B1B8-6709-4945-B691-981357192FB5}.Release|x64.ActiveCfg = Release|x64
		{A123B1B8-6709-4945-B691-981357192FB5}.Release|x64.Build.0 = Release|x64
		{A123B1B8-6709-4945-B691-981357192FB5}.Release|x86.ActiveCfg = Release|Win32
		{A123B1B8-6709-4945-B691-981357192FB5}.Release|x86.Build.0 = Release|Win32
		{D4C3F47A-E69C-48A3-B8C6-C19B4D6BCD88}.Debug|x64.ActiveCfg = Debug|x64
		{D4C3F47A-E69C-48A3-B8C6-C19B4D6BCD88}.Debug|x64.Build.0 = Debug|x64
		{D4C3F47A-E69C-48A3-B8C6-C19B4D6BCD88}.Debug|x86.ActiveCfg = Debug|Win32
		{D4C3F47A-E69C-48A3-B8C6-C19B4D6BCD88}.Debug|x86.Build.0 = Debug|Win32
		{D4C3F47A-E69C-48A3-B8C6-C19B4D6BCD88}.Release|x64.ActiveCfg = Release|x64
		{D4C3F47A-E69C-48A3-B8C6-C19B4D6BCD88}.Release|x64.Build.0 = Release|x64
		{D4C3F47A-E69C-48A3-B8C6-C19B4D6BCD88}.Release|x86.ActiveCfg = Release|Win32
		{D4C3F47A-E69C-48A3-B8C6-C19B4D6BCD88}.Release|x86.Build.0 = Release|Win32
		{3E0C3F85-24B5-477F-B830-2175281F07BD}.Debug|x64.ActiveCfg = Debug|x64
		{3E0C3F85-24B5-477F-B830-2175281F07BD}.Debug|x64.Build.0 = Debug|x64
		{3E0C3F85-24B5-477F-B830-2175281F07BD}.Debug|x86.ActiveCfg = Debug|Win32
		{3E0C3F85-24B5-477F-B830-2175281F07BD}.Debug|x86.Build.0 = Debug|Win32
		{3E0C3F85-24B5-477F-B830-2175281F07BD}.Release|x64.ActiveCfg = Release|x64
		{3E0C3F85-24B5-477F-B830-2175281F07BD}.Release|x64.Build.0 = Release|x64
		{3E0C3F85-24B5-477F-B830-2175281F07BD}.Release|x86.ActiveCfg = Release|Win32
		{3E0C3F85-24B5-477F-B830-2175281F07BD}.Release|x86.Build.0 = Release|Win32
	EndGlobalSection
	GlobalSection(SolutionProperties) = preSolution
		HideSolutionNode = FALSE
	EndGlobalSection
	GlobalSection(ExtensibilityGlobals) = postSolution
		SolutionGuid = {0A6DBB1D-7FD0-44AE-9DFF-C37E21C50ADB}
	EndGlobalSection
EndGlobal
